
Microsoft Visual Studio Solution File, Format Version 12.00
# Visual Studio Version 17
VisualStudioVersion = 17.5.002.0
MinimumVisualStudioVersion = 10.0.40219.1
Project("{9A19103F-16F7-4668-BE54-9A1E7A4F7556}") = "OcupacaoMaquinaC#", "OcupacaoMaquinaC#.csproj", "{7FCDBD1E-4C33-4A95-9C86-526B894279BE}"
EndProject
Global
	GlobalSection(SolutionConfigurationPlatforms) = preSolution
		Debug|Any CPU = Debug|Any CPU
		Release|Any CPU = Release|Any CPU
	EndGlobalSection
	GlobalSection(ProjectConfigurationPlatforms) = postSolution
		{7FCDBD1E-4C33-4A95-9C86-526B894279BE}.Debug|Any CPU.ActiveCfg = Debug|Any CPU
		{7FCDBD1E-4C33-4A95-9C86-526B894279BE}.Debug|Any CPU.Build.0 = Debug|Any CPU
		{7FCDBD1E-4C33-4A95-9C86-526B894279BE}.Release|Any CPU.ActiveCfg = Release|Any CPU
		{7FCDBD1E-4C33-4A95-9C86-526B894279BE}.Release|Any CPU.Build.0 = Release|Any CPU
	EndGlobalSection
	GlobalSection(SolutionProperties) = preSolution
		HideSolutionNode = FALSE
	EndGlobalSection
	GlobalSection(ExtensibilityGlobals) = postSolution
		SolutionGuid = {F7CBCB9C-A5D8-437B-843E-7F352FD63073}
	EndGlobalSection
EndGlobal
